
Microsoft Visual Studio Solution File, Format Version 12.00
# Visual Studio Version 17
VisualStudioVersion = 17.1.32319.34
MinimumVisualStudioVersion = 10.0.40219.1
Project("{8BC9CEB8-8B4A-11D0-8D11-00A0C91BC942}") = "HelloWorld", "HelloWorld\HelloWorld.vcxproj", "{E98EDC6F-C075-4E5F-BD2A-182538A04334}"
EndProject
Global
	GlobalSection(SolutionConfigurationPlatforms) = preSolution
		Debug|x64 = Debug|x64
		Debug|x86 = Debug|x86
		Release|x64 = Release|x64
		Release|x86 = Release|x86
	EndGlobalSection
	GlobalSection(ProjectConfigurationPlatforms) = postSolution
		{E98EDC6F-C075-4E5F-BD2A-182538A04334}.Debug|x64.ActiveCfg = Debug|x64
		{E98EDC6F-C075-4E5F-BD2A-182538A04334}.Debug|x64.Build.0 = Debug|x64
		{E98EDC6F-C075-4E5F-BD2A-182538A04334}.Debug|x86.ActiveCfg = Debug|Win32
		{E98EDC6F-C075-4E5F-BD2A-182538A04334}.Debug|x86.Build.0 = Debug|Win32
		{E98EDC6F-C075-4E5F-BD2A-182538A04334}.Release|x64.ActiveCfg = Release|x64
		{E98EDC6F-C075-4E5F-BD2A-182538A04334}.Release|x64.Build.0 = Release|x64
		{E98EDC6F-C075-4E5F-BD2A-182538A04334}.Release|x86.ActiveCfg = Release|Win32
		{E98EDC6F-C075-4E5F-BD2A-182538A04334}.Release|x86.Build.0 = Release|Win32
	EndGlobalSection
	GlobalSection(SolutionProperties) = preSolution
		HideSolutionNode = FALSE
	EndGlobalSection
	GlobalSection(ExtensibilityGlobals) = postSolution
		SolutionGuid = {0451DA38-C89C-4CA8-A87C-E2061B3572FC}
	EndGlobalSection
EndGlobal
